// !$*UTF8*$!
{
	archiveVersion = 1;
	classes = {
	};
	objectVersion = 55;
	objects = {

/* Begin PBXBuildFile section */
		374D07B62767B26F008022C6 /* AppDelegate.swift in Sources */ = {isa = PBXBuildFile; fileRef = 374D07B52767B26F008022C6 /* AppDelegate.swift */; };
		374D07B82767B26F008022C6 /* GameScene.sks in Resources */ = {isa = PBXBuildFile; fileRef = 374D07B72767B26F008022C6 /* GameScene.sks */; };
		374D07BA2767B26F008022C6 /* Actions.sks in Resources */ = {isa = PBXBuildFile; fileRef = 374D07B92767B26F008022C6 /* Actions.sks */; };
		374D07BC2767B26F008022C6 /* GameScene.swift in Sources */ = {isa = PBXBuildFile; fileRef = 374D07BB2767B26F008022C6 /* GameScene.swift */; };
		374D07BE2767B26F008022C6 /* GameViewController.swift in Sources */ = {isa = PBXBuildFile; fileRef = 374D07BD2767B26F008022C6 /* GameViewController.swift */; };
		374D07C12767B26F008022C6 /* Main.storyboard in Resources */ = {isa = PBXBuildFile; fileRef = 374D07BF2767B26F008022C6 /* Main.storyboard */; };
		374D07C32767B271008022C6 /* Assets.xcassets in Resources */ = {isa = PBXBuildFile; fileRef = 374D07C22767B271008022C6 /* Assets.xcassets */; };
		374D07C62767B271008022C6 /* LaunchScreen.storyboard in Resources */ = {isa = PBXBuildFile; fileRef = 374D07C42767B271008022C6 /* LaunchScreen.storyboard */; };
		374D07CD27689783008022C6 /* blackScreen.png in Resources */ = {isa = PBXBuildFile; fileRef = 374D07CC27689783008022C6 /* blackScreen.png */; };
		378AC12D2768F3C2007ABEB1 /* greenCircle3.png in Resources */ = {isa = PBXBuildFile; fileRef = 378AC12C2768F3C1007ABEB1 /* greenCircle3.png */; };
		37EA15EC276B28B400DB70D5 /* Tap to discover.png in Resources */ = {isa = PBXBuildFile; fileRef = 37EA15EB276B28B400DB70D5 /* Tap to discover.png */; };
		37EA15EE276B3C4B00DB70D5 /* Rotate@2x.png in Resources */ = {isa = PBXBuildFile; fileRef = 37EA15ED276B3C4A00DB70D5 /* Rotate@2x.png */; };
		37EA15F0276B3DFC00DB70D5 /* What@2x.png in Resources */ = {isa = PBXBuildFile; fileRef = 37EA15EF276B3DFC00DB70D5 /* What@2x.png */; };
		37EA15F2276B3E0400DB70D5 /* Where@2x.png in Resources */ = {isa = PBXBuildFile; fileRef = 37EA15F1276B3E0400DB70D5 /* Where@2x.png */; };
		37EA15F4276B3E0C00DB70D5 /* When@2x.png in Resources */ = {isa = PBXBuildFile; fileRef = 37EA15F3276B3E0C00DB70D5 /* When@2x.png */; };
		37EA15FA276B4A4C00DB70D5 /* DiscoverScene.swift in Sources */ = {isa = PBXBuildFile; fileRef = 37EA15F9276B4A4C00DB70D5 /* DiscoverScene.swift */; };
		37EA15FC276B4ACE00DB70D5 /* DiscoverScene.sks in Resources */ = {isa = PBXBuildFile; fileRef = 37EA15FB276B4ACE00DB70D5 /* DiscoverScene.sks */; };
		37EA1604276B52EA00DB70D5 /* iPhone 11@2x.png in Resources */ = {isa = PBXBuildFile; fileRef = 37EA1603276B52EA00DB70D5 /* iPhone 11@2x.png */; };
		37EA1606276B77D500DB70D5 /* Group@2x.png in Resources */ = {isa = PBXBuildFile; fileRef = 37EA1605276B77D500DB70D5 /* Group@2x.png */; };
		37EA1608276B77DD00DB70D5 /* Group@3x.png in Resources */ = {isa = PBXBuildFile; fileRef = 37EA1607276B77DD00DB70D5 /* Group@3x.png */; };
/* End PBXBuildFile section */

/* Begin PBXFileReference section */
		374D07B22767B26F008022C6 /* EWW.app */ = {isa = PBXFileReference; explicitFileType = wrapper.application; includeInIndex = 0; path = EWW.app; sourceTree = BUILT_PRODUCTS_DIR; };
		374D07B52767B26F008022C6 /* AppDelegate.swift */ = {isa = PBXFileReference; lastKnownFileType = sourcecode.swift; path = AppDelegate.swift; sourceTree = "<group>"; };
		374D07B72767B26F008022C6 /* GameScene.sks */ = {isa = PBXFileReference; lastKnownFileType = file.sks; path = GameScene.sks; sourceTree = "<group>"; };
		374D07B92767B26F008022C6 /* Actions.sks */ = {isa = PBXFileReference; lastKnownFileType = file.sks; path = Actions.sks; sourceTree = "<group>"; };
		374D07BB2767B26F008022C6 /* GameScene.swift */ = {isa = PBXFileReference; lastKnownFileType = sourcecode.swift; path = GameScene.swift; sourceTree = "<group>"; };
		374D07BD2767B26F008022C6 /* GameViewController.swift */ = {isa = PBXFileReference; lastKnownFileType = sourcecode.swift; path = GameViewController.swift; sourceTree = "<group>"; };
		374D07C02767B26F008022C6 /* Base */ = {isa = PBXFileReference; lastKnownFileType = file.storyboard; name = Base; path = Base.lproj/Main.storyboard; sourceTree = "<group>"; };
		374D07C22767B271008022C6 /* Assets.xcassets */ = {isa = PBXFileReference; lastKnownFileType = folder.assetcatalog; path = Assets.xcassets; sourceTree = "<group>"; };
		374D07C52767B271008022C6 /* Base */ = {isa = PBXFileReference; lastKnownFileType = file.storyboard; name = Base; path = Base.lproj/LaunchScreen.storyboard; sourceTree = "<group>"; };
		374D07CC27689783008022C6 /* blackScreen.png */ = {isa = PBXFileReference; lastKnownFileType = image.png; path = blackScreen.png; sourceTree = "<group>"; };
		378AC12C2768F3C1007ABEB1 /* greenCircle3.png */ = {isa = PBXFileReference; lastKnownFileType = image.png; path = greenCircle3.png; sourceTree = "<group>"; };
		37EA15EB276B28B400DB70D5 /* Tap to discover.png */ = {isa = PBXFileReference; lastKnownFileType = image.png; path = "Tap to discover.png"; sourceTree = "<group>"; };
		37EA15ED276B3C4A00DB70D5 /* Rotate@2x.png */ = {isa = PBXFileReference; lastKnownFileType = image.png; path = "Rotate@2x.png"; sourceTree = "<group>"; };
		37EA15EF276B3DFC00DB70D5 /* What@2x.png */ = {isa = PBXFileReference; lastKnownFileType = image.png; path = "What@2x.png"; sourceTree = "<group>"; };
		37EA15F1276B3E0400DB70D5 /* Where@2x.png */ = {isa = PBXFileReference; lastKnownFileType = image.png; path = "Where@2x.png"; sourceTree = "<group>"; };
		37EA15F3276B3E0C00DB70D5 /* When@2x.png */ = {isa = PBXFileReference; lastKnownFileType = image.png; path = "When@2x.png"; sourceTree = "<group>"; };
		37EA15F9276B4A4C00DB70D5 /* DiscoverScene.swift */ = {isa = PBXFileReference; fileEncoding = 4; lastKnownFileType = sourcecode.swift; path = DiscoverScene.swift; sourceTree = "<group>"; };
		37EA15FB276B4ACE00DB70D5 /* DiscoverScene.sks */ = {isa = PBXFileReference; lastKnownFileType = file.sks; path = DiscoverScene.sks; sourceTree = "<group>"; };
		37EA1603276B52EA00DB70D5 /* iPhone 11@2x.png */ = {isa = PBXFileReference; lastKnownFileType = image.png; name = "iPhone 11@2x.png"; path = "../../../../../../Downloads/iPhone 11@2x.png"; sourceTree = "<group>"; };
		37EA1605276B77D500DB70D5 /* Group@2x.png */ = {isa = PBXFileReference; lastKnownFileType = image.png; path = "Group@2x.png"; sourceTree = "<group>"; };
		37EA1607276B77DD00DB70D5 /* Group@3x.png */ = {isa = PBXFileReference; lastKnownFileType = image.png; path = "Group@3x.png"; sourceTree = "<group>"; };
/* End PBXFileReference section */

/* Begin PBXFrameworksBuildPhase section */
		374D07AF2767B26F008022C6 /* Frameworks */ = {
			isa = PBXFrameworksBuildPhase;
			buildActionMask = 2147483647;
			files = (
			);
			runOnlyForDeploymentPostprocessing = 0;
		};
/* End PBXFrameworksBuildPhase section */

/* Begin PBXGroup section */
		374D07A92767B26F008022C6 = {
			isa = PBXGroup;
			children = (
				374D07B42767B26F008022C6 /* EWW */,
				374D07B32767B26F008022C6 /* Products */,
			);
			sourceTree = "<group>";
		};
		374D07B32767B26F008022C6 /* Products */ = {
			isa = PBXGroup;
			children = (
				374D07B22767B26F008022C6 /* EWW.app */,
			);
			name = Products;
			sourceTree = "<group>";
		};
		374D07B42767B26F008022C6 /* EWW */ = {
			isa = PBXGroup;
			children = (
				374D07B52767B26F008022C6 /* AppDelegate.swift */,
				374D07B72767B26F008022C6 /* GameScene.sks */,
				37EA15FB276B4ACE00DB70D5 /* DiscoverScene.sks */,
				374D07B92767B26F008022C6 /* Actions.sks */,
				374D07BB2767B26F008022C6 /* GameScene.swift */,
				37EA15F9276B4A4C00DB70D5 /* DiscoverScene.swift */,
				374D07BD2767B26F008022C6 /* GameViewController.swift */,
				374D07BF2767B26F008022C6 /* Main.storyboard */,
				374D07C22767B271008022C6 /* Assets.xcassets */,
				374D07C42767B271008022C6 /* LaunchScreen.storyboard */,
				374D07CC27689783008022C6 /* blackScreen.png */,
				378AC12C2768F3C1007ABEB1 /* greenCircle3.png */,
				37EA15EB276B28B400DB70D5 /* Tap to discover.png */,
				37EA15ED276B3C4A00DB70D5 /* Rotate@2x.png */,
				37EA15EF276B3DFC00DB70D5 /* What@2x.png */,
				37EA15F1276B3E0400DB70D5 /* Where@2x.png */,
				37EA15F3276B3E0C00DB70D5 /* When@2x.png */,
				37EA1603276B52EA00DB70D5 /* iPhone 11@2x.png */,
				37EA1605276B77D500DB70D5 /* Group@2x.png */,
				37EA1607276B77DD00DB70D5 /* Group@3x.png */,
			);
			path = EWW;
			sourceTree = "<group>";
		};
/* End PBXGroup section */

/* Begin PBXNativeTarget section */
		374D07B12767B26F008022C6 /* EWW */ = {
			isa = PBXNativeTarget;
			buildConfigurationList = 374D07C92767B271008022C6 /* Build configuration list for PBXNativeTarget "EWW" */;
			buildPhases = (
				374D07AE2767B26F008022C6 /* Sources */,
				374D07AF2767B26F008022C6 /* Frameworks */,
				374D07B02767B26F008022C6 /* Resources */,
			);
			buildRules = (
			);
			dependencies = (
			);
			name = EWW;
			productName = EWW;
			productReference = 374D07B22767B26F008022C6 /* EWW.app */;
			productType = "com.apple.product-type.application";
		};
/* End PBXNativeTarget section */

/* Begin PBXProject section */
		374D07AA2767B26F008022C6 /* Project object */ = {
			isa = PBXProject;
			attributes = {
				BuildIndependentTargetsInParallel = 1;
				LastSwiftUpdateCheck = 1310;
				LastUpgradeCheck = 1310;
				TargetAttributes = {
					374D07B12767B26F008022C6 = {
						CreatedOnToolsVersion = 13.1;
					};
				};
			};
			buildConfigurationList = 374D07AD2767B26F008022C6 /* Build configuration list for PBXProject "EWW" */;
			compatibilityVersion = "Xcode 13.0";
			developmentRegion = en;
			hasScannedForEncodings = 0;
			knownRegions = (
				en,
				Base,
			);
			mainGroup = 374D07A92767B26F008022C6;
			productRefGroup = 374D07B32767B26F008022C6 /* Products */;
			projectDirPath = "";
			projectRoot = "";
			targets = (
				374D07B12767B26F008022C6 /* EWW */,
			);
		};
/* End PBXProject section */

/* Begin PBXResourcesBuildPhase section */
		374D07B02767B26F008022C6 /* Resources */ = {
			isa = PBXResourcesBuildPhase;
			buildActionMask = 2147483647;
			files = (
				37EA15FC276B4ACE00DB70D5 /* DiscoverScene.sks in Resources */,
				378AC12D2768F3C2007ABEB1 /* greenCircle3.png in Resources */,
				374D07C12767B26F008022C6 /* Main.storyboard in Resources */,
				37EA15F2276B3E0400DB70D5 /* Where@2x.png in Resources */,
				37EA1604276B52EA00DB70D5 /* iPhone 11@2x.png in Resources */,
				374D07B82767B26F008022C6 /* GameScene.sks in Resources */,
				374D07C32767B271008022C6 /* Assets.xcassets in Resources */,
				37EA1608276B77DD00DB70D5 /* Group@3x.png in Resources */,
				37EA15F0276B3DFC00DB70D5 /* What@2x.png in Resources */,
				37EA15F4276B3E0C00DB70D5 /* When@2x.png in Resources */,
				374D07C62767B271008022C6 /* LaunchScreen.storyboard in Resources */,
				37EA15EC276B28B400DB70D5 /* Tap to discover.png in Resources */,
				374D07BA2767B26F008022C6 /* Actions.sks in Resources */,
				37EA1606276B77D500DB70D5 /* Group@2x.png in Resources */,
				374D07CD27689783008022C6 /* blackScreen.png in Resources */,
				37EA15EE276B3C4B00DB70D5 /* Rotate@2x.png in Resources */,
			);
			runOnlyForDeploymentPostprocessing = 0;
		};
/* End PBXResourcesBuildPhase section */

/* Begin PBXSourcesBuildPhase section */
		374D07AE2767B26F008022C6 /* Sources */ = {
			isa = PBXSourcesBuildPhase;
			buildActionMask = 2147483647;
			files = (
				374D07BC2767B26F008022C6 /* GameScene.swift in Sources */,
				374D07BE2767B26F008022C6 /* GameViewController.swift in Sources */,
				374D07B62767B26F008022C6 /* AppDelegate.swift in Sources */,
				37EA15FA276B4A4C00DB70D5 /* DiscoverScene.swift in Sources */,
			);
			runOnlyForDeploymentPostprocessing = 0;
		};
/* End PBXSourcesBuildPhase section */

/* Begin PBXVariantGroup section */
		374D07BF2767B26F008022C6 /* Main.storyboard */ = {
			isa = PBXVariantGroup;
			children = (
				374D07C02767B26F008022C6 /* Base */,
			);
			name = Main.storyboard;
			sourceTree = "<group>";
		};
		374D07C42767B271008022C6 /* LaunchScreen.storyboard */ = {
			isa = PBXVariantGroup;
			children = (
				374D07C52767B271008022C6 /* Base */,
			);
			name = LaunchScreen.storyboard;
			sourceTree = "<group>";
		};
/* End PBXVariantGroup section */

/* Begin XCBuildConfiguration section */
		374D07C72767B271008022C6 /* Debug */ = {
			isa = XCBuildConfiguration;
			buildSettings = {
				ALWAYS_SEARCH_USER_PATHS = NO;
				CLANG_ANALYZER_NONNULL = YES;
				CLANG_ANALYZER_NUMBER_OBJECT_CONVERSION = YES_AGGRESSIVE;
				CLANG_CXX_LANGUAGE_STANDARD = "gnu++17";
				CLANG_CXX_LIBRARY = "libc++";
				CLANG_ENABLE_MODULES = YES;
				CLANG_ENABLE_OBJC_ARC = YES;
				CLANG_ENABLE_OBJC_WEAK = YES;
				CLANG_WARN_BLOCK_CAPTURE_AUTORELEASING = YES;
				CLANG_WARN_BOOL_CONVERSION = YES;
				CLANG_WARN_COMMA = YES;
				CLANG_WARN_CONSTANT_CONVERSION = YES;
				CLANG_WARN_DEPRECATED_OBJC_IMPLEMENTATIONS = YES;
				CLANG_WARN_DIRECT_OBJC_ISA_USAGE = YES_ERROR;
				CLANG_WARN_DOCUMENTATION_COMMENTS = YES;
				CLANG_WARN_EMPTY_BODY = YES;
				CLANG_WARN_ENUM_CONVERSION = YES;
				CLANG_WARN_INFINITE_RECURSION = YES;
				CLANG_WARN_INT_CONVERSION = YES;
				CLANG_WARN_NON_LITERAL_NULL_CONVERSION = YES;
				CLANG_WARN_OBJC_IMPLICIT_RETAIN_SELF = YES;
				CLANG_WARN_OBJC_LITERAL_CONVERSION = YES;
				CLANG_WARN_OBJC_ROOT_CLASS = YES_ERROR;
				CLANG_WARN_QUOTED_INCLUDE_IN_FRAMEWORK_HEADER = YES;
				CLANG_WARN_RANGE_LOOP_ANALYSIS = YES;
				CLANG_WARN_STRICT_PROTOTYPES = YES;
				CLANG_WARN_SUSPICIOUS_MOVE = YES;
				CLANG_WARN_UNGUARDED_AVAILABILITY = YES_AGGRESSIVE;
				CLANG_WARN_UNREACHABLE_CODE = YES;
				CLANG_WARN__DUPLICATE_METHOD_MATCH = YES;
				COPY_PHASE_STRIP = NO;
				DEBUG_INFORMATION_FORMAT = dwarf;
				ENABLE_STRICT_OBJC_MSGSEND = YES;
				ENABLE_TESTABILITY = YES;
				GCC_C_LANGUAGE_STANDARD = gnu11;
				GCC_DYNAMIC_NO_PIC = NO;
				GCC_NO_COMMON_BLOCKS = YES;
				GCC_OPTIMIZATION_LEVEL = 0;
				GCC_PREPROCESSOR_DEFINITIONS = (
					"DEBUG=1",
					"$(inherited)",
				);
				GCC_WARN_64_TO_32_BIT_CONVERSION = YES;
				GCC_WARN_ABOUT_RETURN_TYPE = YES_ERROR;
				GCC_WARN_UNDECLARED_SELECTOR = YES;
				GCC_WARN_UNINITIALIZED_AUTOS = YES_AGGRESSIVE;
				GCC_WARN_UNUSED_FUNCTION = YES;
				GCC_WARN_UNUSED_VARIABLE = YES;
				IPHONEOS_DEPLOYMENT_TARGET = 15.0;
				MTL_ENABLE_DEBUG_INFO = INCLUDE_SOURCE;
				MTL_FAST_MATH = YES;
				ONLY_ACTIVE_ARCH = YES;
				SDKROOT = iphoneos;
				SWIFT_ACTIVE_COMPILATION_CONDITIONS = DEBUG;
				SWIFT_OPTIMIZATION_LEVEL = "-Onone";
			};
			name = Debug;
		};
		374D07C82767B271008022C6 /* Release */ = {
			isa = XCBuildConfiguration;
			buildSettings = {
				ALWAYS_SEARCH_USER_PATHS = NO;
				CLANG_ANALYZER_NONNULL = YES;
				CLANG_ANALYZER_NUMBER_OBJECT_CONVERSION = YES_AGGRESSIVE;
				CLANG_CXX_LANGUAGE_STANDARD = "gnu++17";
				CLANG_CXX_LIBRARY = "libc++";
				CLANG_ENABLE_MODULES = YES;
				CLANG_ENABLE_OBJC_ARC = YES;
				CLANG_ENABLE_OBJC_WEAK = YES;
				CLANG_WARN_BLOCK_CAPTURE_AUTORELEASING = YES;
				CLANG_WARN_BOOL_CONVERSION = YES;
				CLANG_WARN_COMMA = YES;
				CLANG_WARN_CONSTANT_CONVERSION = YES;
				CLANG_WARN_DEPRECATED_OBJC_IMPLEMENTATIONS = YES;
				CLANG_WARN_DIRECT_OBJC_ISA_USAGE = YES_ERROR;
				CLANG_WARN_DOCUMENTATION_COMMENTS = YES;
				CLANG_WARN_EMPTY_BODY = YES;
				CLANG_WARN_ENUM_CONVERSION = YES;
				CLANG_WARN_INFINITE_RECURSION = YES;
				CLANG_WARN_INT_CONVERSION = YES;
				CLANG_WARN_NON_LITERAL_NULL_CONVERSION = YES;
				CLANG_WARN_OBJC_IMPLICIT_RETAIN_SELF = YES;
				CLANG_WARN_OBJC_LITERAL_CONVERSION = YES;
				CLANG_WARN_OBJC_ROOT_CLASS = YES_ERROR;
				CLANG_WARN_QUOTED_INCLUDE_IN_FRAMEWORK_HEADER = YES;
				CLANG_WARN_RANGE_LOOP_ANALYSIS = YES;
				CLANG_WARN_STRICT_PROTOTYPES = YES;
				CLANG_WARN_SUSPICIOUS_MOVE = YES;
				CLANG_WARN_UNGUARDED_AVAILABILITY = YES_AGGRESSIVE;
				CLANG_WARN_UNREACHABLE_CODE = YES;
				CLANG_WARN__DUPLICATE_METHOD_MATCH = YES;
				COPY_PHASE_STRIP = NO;
				DEBUG_INFORMATION_FORMAT = "dwarf-with-dsym";
				ENABLE_NS_ASSERTIONS = NO;
				ENABLE_STRICT_OBJC_MSGSEND = YES;
				GCC_C_LANGUAGE_STANDARD = gnu11;
				GCC_NO_COMMON_BLOCKS = YES;
				GCC_WARN_64_TO_32_BIT_CONVERSION = YES;
				GCC_WARN_ABOUT_RETURN_TYPE = YES_ERROR;
				GCC_WARN_UNDECLARED_SELECTOR = YES;
				GCC_WARN_UNINITIALIZED_AUTOS = YES_AGGRESSIVE;
				GCC_WARN_UNUSED_FUNCTION = YES;
				GCC_WARN_UNUSED_VARIABLE = YES;
				IPHONEOS_DEPLOYMENT_TARGET = 15.0;
				MTL_ENABLE_DEBUG_INFO = NO;
				MTL_FAST_MATH = YES;
				SDKROOT = iphoneos;
				SWIFT_COMPILATION_MODE = wholemodule;
				SWIFT_OPTIMIZATION_LEVEL = "-O";
				VALIDATE_PRODUCT = YES;
			};
			name = Release;
		};
		374D07CA2767B271008022C6 /* Debug */ = {
			isa = XCBuildConfiguration;
			buildSettings = {
				ASSETCATALOG_COMPILER_APPICON_NAME = AppIcon;
				ASSETCATALOG_COMPILER_GLOBAL_ACCENT_COLOR_NAME = AccentColor;
				CODE_SIGN_STYLE = Automatic;
				CURRENT_PROJECT_VERSION = 1;
				DEVELOPMENT_TEAM = B35ALGTZKD;
				GENERATE_INFOPLIST_FILE = YES;
				INFOPLIST_KEY_UIApplicationSupportsIndirectInputEvents = YES;
				INFOPLIST_KEY_UILaunchStoryboardName = LaunchScreen;
				INFOPLIST_KEY_UIMainStoryboardFile = Main;
				INFOPLIST_KEY_UIStatusBarHidden = YES;
				INFOPLIST_KEY_UISupportedInterfaceOrientations_iPad = "UIInterfaceOrientationPortrait UIInterfaceOrientationPortraitUpsideDown UIInterfaceOrientationLandscapeLeft UIInterfaceOrientationLandscapeRight";
				INFOPLIST_KEY_UISupportedInterfaceOrientations_iPhone = "UIInterfaceOrientationPortrait UIInterfaceOrientationLandscapeLeft UIInterfaceOrientationLandscapeRight";
				LD_RUNPATH_SEARCH_PATHS = (
					"$(inherited)",
					"@executable_path/Frameworks",
				);
				MARKETING_VERSION = 1.0;
				PRODUCT_BUNDLE_IDENTIFIER = com.daniele.EWW;
				PRODUCT_NAME = EWW;
				SWIFT_EMIT_LOC_STRINGS = YES;
				SWIFT_VERSION = 5.0;
				TARGETED_DEVICE_FAMILY = "1,2";
			};
			name = Debug;
		};
		374D07CB2767B271008022C6 /* Release */ = {
			isa = XCBuildConfiguration;
			buildSettings = {
				ASSETCATALOG_COMPILER_APPICON_NAME = AppIcon;
				ASSETCATALOG_COMPILER_GLOBAL_ACCENT_COLOR_NAME = AccentColor;
				CODE_SIGN_STYLE = Automatic;
				CURRENT_PROJECT_VERSION = 1;
				DEVELOPMENT_TEAM = B35ALGTZKD;
				GENERATE_INFOPLIST_FILE = YES;
				INFOPLIST_KEY_UIApplicationSupportsIndirectInputEvents = YES;
				INFOPLIST_KEY_UILaunchStoryboardName = LaunchScreen;
				INFOPLIST_KEY_UIMainStoryboardFile = Main;
				INFOPLIST_KEY_UIStatusBarHidden = YES;
				INFOPLIST_KEY_UISupportedInterfaceOrientations_iPad = "UIInterfaceOrientationPortrait UIInterfaceOrientationPortraitUpsideDown UIInterfaceOrientationLandscapeLeft UIInterfaceOrientationLandscapeRight";
				INFOPLIST_KEY_UISupportedInterfaceOrientations_iPhone = "UIInterfaceOrientationPortrait UIInterfaceOrientationLandscapeLeft UIInterfaceOrientationLandscapeRight";
				LD_RUNPATH_SEARCH_PATHS = (
					"$(inherited)",
					"@executable_path/Frameworks",
				);
				MARKETING_VERSION = 1.0;
				PRODUCT_BUNDLE_IDENTIFIER = com.daniele.EWW;
				PRODUCT_NAME = EWW;
				SWIFT_EMIT_LOC_STRINGS = YES;
				SWIFT_VERSION = 5.0;
				TARGETED_DEVICE_FAMILY = "1,2";
			};
			name = Release;
		};
/* End XCBuildConfiguration section */

/* Begin XCConfigurationList section */
		374D07AD2767B26F008022C6 /* Build configuration list for PBXProject "EWW" */ = {
			isa = XCConfigurationList;
			buildConfigurations = (
				374D07C72767B271008022C6 /* Debug */,
				374D07C82767B271008022C6 /* Release */,
			);
			defaultConfigurationIsVisible = 0;
			defaultConfigurationName = Release;
		};
		374D07C92767B271008022C6 /* Build configuration list for PBXNativeTarget "EWW" */ = {
			isa = XCConfigurationList;
			buildConfigurations = (
				374D07CA2767B271008022C6 /* Debug */,
				374D07CB2767B271008022C6 /* Release */,
			);
			defaultConfigurationIsVisible = 0;
			defaultConfigurationName = Release;
		};
/* End XCConfigurationList section */
	};
	rootObject = 374D07AA2767B26F008022C6 /* Project object */;
}
