// !$*UTF8*$!
{
	archiveVersion = 1;
	classes = {
	};
	objectVersion = 55;
	objects = {

/* Begin PBXBuildFile section */
		37B235EC27469C5E00BDABCC /* CommuniMateApp.swift in Sources */ = {isa = PBXBuildFile; fileRef = 37B235EB27469C5E00BDABCC /* CommuniMateApp.swift */; };
		37B235F027469C6000BDABCC /* Assets.xcassets in Resources */ = {isa = PBXBuildFile; fileRef = 37B235EF27469C6000BDABCC /* Assets.xcassets */; };
		37B235F327469C6000BDABCC /* Preview Assets.xcassets in Resources */ = {isa = PBXBuildFile; fileRef = 37B235F227469C6000BDABCC /* Preview Assets.xcassets */; };
		37B235FC27469CD400BDABCC /* Connector.swift in Sources */ = {isa = PBXBuildFile; fileRef = 37B235FB27469CD400BDABCC /* Connector.swift */; };
		37B235FE27469DBE00BDABCC /* Main.swift in Sources */ = {isa = PBXBuildFile; fileRef = 37B235FD27469DBE00BDABCC /* Main.swift */; };
		37B2360027469E1300BDABCC /* ConversationMainView.swift in Sources */ = {isa = PBXBuildFile; fileRef = 37B235FF27469E1300BDABCC /* ConversationMainView.swift */; };
		37B2360227469E9900BDABCC /* Host.swift in Sources */ = {isa = PBXBuildFile; fileRef = 37B2360127469E9900BDABCC /* Host.swift */; };
		37B2360427469EDC00BDABCC /* Guest.swift in Sources */ = {isa = PBXBuildFile; fileRef = 37B2360327469EDC00BDABCC /* Guest.swift */; };
		BC4139542746AA2300A19C65 /* Onboarding1.swift in Sources */ = {isa = PBXBuildFile; fileRef = BC4139532746AA2300A19C65 /* Onboarding1.swift */; };
		BC4139562746AAA600A19C65 /* Onboarding2.swift in Sources */ = {isa = PBXBuildFile; fileRef = BC4139552746AAA600A19C65 /* Onboarding2.swift */; };
		BC4139582746AB3B00A19C65 /* Onboarding3.swift in Sources */ = {isa = PBXBuildFile; fileRef = BC4139572746AB3B00A19C65 /* Onboarding3.swift */; };
		BC41395A2746AC3100A19C65 /* Settings.swift in Sources */ = {isa = PBXBuildFile; fileRef = BC4139592746AC3100A19C65 /* Settings.swift */; };
/* End PBXBuildFile section */

/* Begin PBXFileReference section */
		37B235E827469C5E00BDABCC /* CommuniMate.app */ = {isa = PBXFileReference; explicitFileType = wrapper.application; includeInIndex = 0; path = CommuniMate.app; sourceTree = BUILT_PRODUCTS_DIR; };
		37B235EB27469C5E00BDABCC /* CommuniMateApp.swift */ = {isa = PBXFileReference; lastKnownFileType = sourcecode.swift; path = CommuniMateApp.swift; sourceTree = "<group>"; };
		37B235EF27469C6000BDABCC /* Assets.xcassets */ = {isa = PBXFileReference; lastKnownFileType = folder.assetcatalog; path = Assets.xcassets; sourceTree = "<group>"; };
		37B235F227469C6000BDABCC /* Preview Assets.xcassets */ = {isa = PBXFileReference; lastKnownFileType = folder.assetcatalog; path = "Preview Assets.xcassets"; sourceTree = "<group>"; };
		37B235FB27469CD400BDABCC /* Connector.swift */ = {isa = PBXFileReference; lastKnownFileType = sourcecode.swift; path = Connector.swift; sourceTree = "<group>"; };
		37B235FD27469DBE00BDABCC /* Main.swift */ = {isa = PBXFileReference; lastKnownFileType = sourcecode.swift; path = Main.swift; sourceTree = "<group>"; };
		37B235FF27469E1300BDABCC /* ConversationMainView.swift */ = {isa = PBXFileReference; lastKnownFileType = sourcecode.swift; path = ConversationMainView.swift; sourceTree = "<group>"; };
		37B2360127469E9900BDABCC /* Host.swift */ = {isa = PBXFileReference; lastKnownFileType = sourcecode.swift; path = Host.swift; sourceTree = "<group>"; };
		37B2360327469EDC00BDABCC /* Guest.swift */ = {isa = PBXFileReference; lastKnownFileType = sourcecode.swift; path = Guest.swift; sourceTree = "<group>"; };
		BC4139532746AA2300A19C65 /* Onboarding1.swift */ = {isa = PBXFileReference; lastKnownFileType = sourcecode.swift; path = Onboarding1.swift; sourceTree = "<group>"; };
		BC4139552746AAA600A19C65 /* Onboarding2.swift */ = {isa = PBXFileReference; lastKnownFileType = sourcecode.swift; path = Onboarding2.swift; sourceTree = "<group>"; };
		BC4139572746AB3B00A19C65 /* Onboarding3.swift */ = {isa = PBXFileReference; lastKnownFileType = sourcecode.swift; path = Onboarding3.swift; sourceTree = "<group>"; };
		BC4139592746AC3100A19C65 /* Settings.swift */ = {isa = PBXFileReference; lastKnownFileType = sourcecode.swift; path = Settings.swift; sourceTree = "<group>"; };
/* End PBXFileReference section */

/* Begin PBXFrameworksBuildPhase section */
		37B235E527469C5E00BDABCC /* Frameworks */ = {
			isa = PBXFrameworksBuildPhase;
			buildActionMask = 2147483647;
			files = (
			);
			runOnlyForDeploymentPostprocessing = 0;
		};
/* End PBXFrameworksBuildPhase section */

/* Begin PBXGroup section */
		37B235DF27469C5E00BDABCC = {
			isa = PBXGroup;
			children = (
				37B235EA27469C5E00BDABCC /* CommuniMate */,
				37B235E927469C5E00BDABCC /* Products */,
			);
			sourceTree = "<group>";
		};
		37B235E927469C5E00BDABCC /* Products */ = {
			isa = PBXGroup;
			children = (
				37B235E827469C5E00BDABCC /* CommuniMate.app */,
			);
			name = Products;
			sourceTree = "<group>";
		};
		37B235EA27469C5E00BDABCC /* CommuniMate */ = {
			isa = PBXGroup;
			children = (
				37B235EB27469C5E00BDABCC /* CommuniMateApp.swift */,
				37B235FA27469C8700BDABCC /* Model */,
				37B235F927469C7E00BDABCC /* Views */,
				37B235EF27469C6000BDABCC /* Assets.xcassets */,
				37B235F127469C6000BDABCC /* Preview Content */,
			);
			path = CommuniMate;
			sourceTree = "<group>";
		};
		37B235F127469C6000BDABCC /* Preview Content */ = {
			isa = PBXGroup;
			children = (
				37B235F227469C6000BDABCC /* Preview Assets.xcassets */,
			);
			path = "Preview Content";
			sourceTree = "<group>";
		};
		37B235F927469C7E00BDABCC /* Views */ = {
			isa = PBXGroup;
			children = (
				37B235FD27469DBE00BDABCC /* Main.swift */,
				37B235FF27469E1300BDABCC /* ConversationMainView.swift */,
				37B2360127469E9900BDABCC /* Host.swift */,
				37B2360327469EDC00BDABCC /* Guest.swift */,
				BC4139532746AA2300A19C65 /* Onboarding1.swift */,
				BC4139552746AAA600A19C65 /* Onboarding2.swift */,
				BC4139572746AB3B00A19C65 /* Onboarding3.swift */,
				BC4139592746AC3100A19C65 /* Settings.swift */,
			);
			path = Views;
			sourceTree = "<group>";
		};
		37B235FA27469C8700BDABCC /* Model */ = {
			isa = PBXGroup;
			children = (
				37B235FB27469CD400BDABCC /* Connector.swift */,
			);
			path = Model;
			sourceTree = "<group>";
		};
/* End PBXGroup section */

/* Begin PBXNativeTarget section */
		37B235E727469C5E00BDABCC /* CommuniMate */ = {
			isa = PBXNativeTarget;
			buildConfigurationList = 37B235F627469C6000BDABCC /* Build configuration list for PBXNativeTarget "CommuniMate" */;
			buildPhases = (
				37B235E427469C5E00BDABCC /* Sources */,
				37B235E527469C5E00BDABCC /* Frameworks */,
				37B235E627469C5E00BDABCC /* Resources */,
			);
			buildRules = (
			);
			dependencies = (
			);
			name = CommuniMate;
			productName = CommuniMate;
			productReference = 37B235E827469C5E00BDABCC /* CommuniMate.app */;
			productType = "com.apple.product-type.application";
		};
/* End PBXNativeTarget section */

/* Begin PBXProject section */
		37B235E027469C5E00BDABCC /* Project object */ = {
			isa = PBXProject;
			attributes = {
				BuildIndependentTargetsInParallel = 1;
				LastSwiftUpdateCheck = 1310;
				LastUpgradeCheck = 1310;
				TargetAttributes = {
					37B235E727469C5E00BDABCC = {
						CreatedOnToolsVersion = 13.1;
					};
				};
			};
			buildConfigurationList = 37B235E327469C5E00BDABCC /* Build configuration list for PBXProject "CommuniMate" */;
			compatibilityVersion = "Xcode 13.0";
			developmentRegion = en;
			hasScannedForEncodings = 0;
			knownRegions = (
				en,
				Base,
			);
			mainGroup = 37B235DF27469C5E00BDABCC;
			productRefGroup = 37B235E927469C5E00BDABCC /* Products */;
			projectDirPath = "";
			projectRoot = "";
			targets = (
				37B235E727469C5E00BDABCC /* CommuniMate */,
			);
		};
/* End PBXProject section */

/* Begin PBXResourcesBuildPhase section */
		37B235E627469C5E00BDABCC /* Resources */ = {
			isa = PBXResourcesBuildPhase;
			buildActionMask = 2147483647;
			files = (
				37B235F327469C6000BDABCC /* Preview Assets.xcassets in Resources */,
				37B235F027469C6000BDABCC /* Assets.xcassets in Resources */,
			);
			runOnlyForDeploymentPostprocessing = 0;
		};
/* End PBXResourcesBuildPhase section */

/* Begin PBXSourcesBuildPhase section */
		37B235E427469C5E00BDABCC /* Sources */ = {
			isa = PBXSourcesBuildPhase;
			buildActionMask = 2147483647;
			files = (
				BC4139582746AB3B00A19C65 /* Onboarding3.swift in Sources */,
				BC4139542746AA2300A19C65 /* Onboarding1.swift in Sources */,
				BC4139562746AAA600A19C65 /* Onboarding2.swift in Sources */,
				37B2360027469E1300BDABCC /* ConversationMainView.swift in Sources */,
				BC41395A2746AC3100A19C65 /* Settings.swift in Sources */,
				37B2360227469E9900BDABCC /* Host.swift in Sources */,
				37B2360427469EDC00BDABCC /* Guest.swift in Sources */,
				37B235FC27469CD400BDABCC /* Connector.swift in Sources */,
				37B235FE27469DBE00BDABCC /* Main.swift in Sources */,
				37B235EC27469C5E00BDABCC /* CommuniMateApp.swift in Sources */,
			);
			runOnlyForDeploymentPostprocessing = 0;
		};
/* End PBXSourcesBuildPhase section */

/* Begin XCBuildConfiguration section */
		37B235F427469C6000BDABCC /* Debug */ = {
			isa = XCBuildConfiguration;
			buildSettings = {
				ALWAYS_SEARCH_USER_PATHS = NO;
				CLANG_ANALYZER_NONNULL = YES;
				CLANG_ANALYZER_NUMBER_OBJECT_CONVERSION = YES_AGGRESSIVE;
				CLANG_CXX_LANGUAGE_STANDARD = "gnu++17";
				CLANG_CXX_LIBRARY = "libc++";
				CLANG_ENABLE_MODULES = YES;
				CLANG_ENABLE_OBJC_ARC = YES;
				CLANG_ENABLE_OBJC_WEAK = YES;
				CLANG_WARN_BLOCK_CAPTURE_AUTORELEASING = YES;
				CLANG_WARN_BOOL_CONVERSION = YES;
				CLANG_WARN_COMMA = YES;
				CLANG_WARN_CONSTANT_CONVERSION = YES;
				CLANG_WARN_DEPRECATED_OBJC_IMPLEMENTATIONS = YES;
				CLANG_WARN_DIRECT_OBJC_ISA_USAGE = YES_ERROR;
				CLANG_WARN_DOCUMENTATION_COMMENTS = YES;
				CLANG_WARN_EMPTY_BODY = YES;
				CLANG_WARN_ENUM_CONVERSION = YES;
				CLANG_WARN_INFINITE_RECURSION = YES;
				CLANG_WARN_INT_CONVERSION = YES;
				CLANG_WARN_NON_LITERAL_NULL_CONVERSION = YES;
				CLANG_WARN_OBJC_IMPLICIT_RETAIN_SELF = YES;
				CLANG_WARN_OBJC_LITERAL_CONVERSION = YES;
				CLANG_WARN_OBJC_ROOT_CLASS = YES_ERROR;
				CLANG_WARN_QUOTED_INCLUDE_IN_FRAMEWORK_HEADER = YES;
				CLANG_WARN_RANGE_LOOP_ANALYSIS = YES;
				CLANG_WARN_STRICT_PROTOTYPES = YES;
				CLANG_WARN_SUSPICIOUS_MOVE = YES;
				CLANG_WARN_UNGUARDED_AVAILABILITY = YES_AGGRESSIVE;
				CLANG_WARN_UNREACHABLE_CODE = YES;
				CLANG_WARN__DUPLICATE_METHOD_MATCH = YES;
				COPY_PHASE_STRIP = NO;
				DEBUG_INFORMATION_FORMAT = dwarf;
				ENABLE_STRICT_OBJC_MSGSEND = YES;
				ENABLE_TESTABILITY = YES;
				GCC_C_LANGUAGE_STANDARD = gnu11;
				GCC_DYNAMIC_NO_PIC = NO;
				GCC_NO_COMMON_BLOCKS = YES;
				GCC_OPTIMIZATION_LEVEL = 0;
				GCC_PREPROCESSOR_DEFINITIONS = (
					"DEBUG=1",
					"$(inherited)",
				);
				GCC_WARN_64_TO_32_BIT_CONVERSION = YES;
				GCC_WARN_ABOUT_RETURN_TYPE = YES_ERROR;
				GCC_WARN_UNDECLARED_SELECTOR = YES;
				GCC_WARN_UNINITIALIZED_AUTOS = YES_AGGRESSIVE;
				GCC_WARN_UNUSED_FUNCTION = YES;
				GCC_WARN_UNUSED_VARIABLE = YES;
				IPHONEOS_DEPLOYMENT_TARGET = 15.0;
				MTL_ENABLE_DEBUG_INFO = INCLUDE_SOURCE;
				MTL_FAST_MATH = YES;
				ONLY_ACTIVE_ARCH = YES;
				SDKROOT = iphoneos;
				SWIFT_ACTIVE_COMPILATION_CONDITIONS = DEBUG;
				SWIFT_OPTIMIZATION_LEVEL = "-Onone";
			};
			name = Debug;
		};
		37B235F527469C6000BDABCC /* Release */ = {
			isa = XCBuildConfiguration;
			buildSettings = {
				ALWAYS_SEARCH_USER_PATHS = NO;
				CLANG_ANALYZER_NONNULL = YES;
				CLANG_ANALYZER_NUMBER_OBJECT_CONVERSION = YES_AGGRESSIVE;
				CLANG_CXX_LANGUAGE_STANDARD = "gnu++17";
				CLANG_CXX_LIBRARY = "libc++";
				CLANG_ENABLE_MODULES = YES;
				CLANG_ENABLE_OBJC_ARC = YES;
				CLANG_ENABLE_OBJC_WEAK = YES;
				CLANG_WARN_BLOCK_CAPTURE_AUTORELEASING = YES;
				CLANG_WARN_BOOL_CONVERSION = YES;
				CLANG_WARN_COMMA = YES;
				CLANG_WARN_CONSTANT_CONVERSION = YES;
				CLANG_WARN_DEPRECATED_OBJC_IMPLEMENTATIONS = YES;
				CLANG_WARN_DIRECT_OBJC_ISA_USAGE = YES_ERROR;
				CLANG_WARN_DOCUMENTATION_COMMENTS = YES;
				CLANG_WARN_EMPTY_BODY = YES;
				CLANG_WARN_ENUM_CONVERSION = YES;
				CLANG_WARN_INFINITE_RECURSION = YES;
				CLANG_WARN_INT_CONVERSION = YES;
				CLANG_WARN_NON_LITERAL_NULL_CONVERSION = YES;
				CLANG_WARN_OBJC_IMPLICIT_RETAIN_SELF = YES;
				CLANG_WARN_OBJC_LITERAL_CONVERSION = YES;
				CLANG_WARN_OBJC_ROOT_CLASS = YES_ERROR;
				CLANG_WARN_QUOTED_INCLUDE_IN_FRAMEWORK_HEADER = YES;
				CLANG_WARN_RANGE_LOOP_ANALYSIS = YES;
				CLANG_WARN_STRICT_PROTOTYPES = YES;
				CLANG_WARN_SUSPICIOUS_MOVE = YES;
				CLANG_WARN_UNGUARDED_AVAILABILITY = YES_AGGRESSIVE;
				CLANG_WARN_UNREACHABLE_CODE = YES;
				CLANG_WARN__DUPLICATE_METHOD_MATCH = YES;
				COPY_PHASE_STRIP = NO;
				DEBUG_INFORMATION_FORMAT = "dwarf-with-dsym";
				ENABLE_NS_ASSERTIONS = NO;
				ENABLE_STRICT_OBJC_MSGSEND = YES;
				GCC_C_LANGUAGE_STANDARD = gnu11;
				GCC_NO_COMMON_BLOCKS = YES;
				GCC_WARN_64_TO_32_BIT_CONVERSION = YES;
				GCC_WARN_ABOUT_RETURN_TYPE = YES_ERROR;
				GCC_WARN_UNDECLARED_SELECTOR = YES;
				GCC_WARN_UNINITIALIZED_AUTOS = YES_AGGRESSIVE;
				GCC_WARN_UNUSED_FUNCTION = YES;
				GCC_WARN_UNUSED_VARIABLE = YES;
				IPHONEOS_DEPLOYMENT_TARGET = 15.0;
				MTL_ENABLE_DEBUG_INFO = NO;
				MTL_FAST_MATH = YES;
				SDKROOT = iphoneos;
				SWIFT_COMPILATION_MODE = wholemodule;
				SWIFT_OPTIMIZATION_LEVEL = "-O";
				VALIDATE_PRODUCT = YES;
			};
			name = Release;
		};
		37B235F727469C6000BDABCC /* Debug */ = {
			isa = XCBuildConfiguration;
			buildSettings = {
				ASSETCATALOG_COMPILER_APPICON_NAME = AppIcon;
				ASSETCATALOG_COMPILER_GLOBAL_ACCENT_COLOR_NAME = AccentColor;
				CODE_SIGN_STYLE = Automatic;
				CURRENT_PROJECT_VERSION = 1;
				DEVELOPMENT_ASSET_PATHS = "\"CommuniMate/Preview Content\"";
				DEVELOPMENT_TEAM = B35ALGTZKD;
				ENABLE_PREVIEWS = YES;
				GENERATE_INFOPLIST_FILE = YES;
				INFOPLIST_KEY_UIApplicationSceneManifest_Generation = YES;
				INFOPLIST_KEY_UIApplicationSupportsIndirectInputEvents = YES;
				INFOPLIST_KEY_UILaunchScreen_Generation = YES;
				INFOPLIST_KEY_UISupportedInterfaceOrientations_iPad = "UIInterfaceOrientationPortrait UIInterfaceOrientationPortraitUpsideDown UIInterfaceOrientationLandscapeLeft UIInterfaceOrientationLandscapeRight";
				INFOPLIST_KEY_UISupportedInterfaceOrientations_iPhone = "UIInterfaceOrientationPortrait UIInterfaceOrientationLandscapeLeft UIInterfaceOrientationLandscapeRight";
				LD_RUNPATH_SEARCH_PATHS = (
					"$(inherited)",
					"@executable_path/Frameworks",
				);
				MARKETING_VERSION = 1.0;
				PRODUCT_BUNDLE_IDENTIFIER = com.daniele.CommuniMate;
				PRODUCT_NAME = "$(TARGET_NAME)";
				SWIFT_EMIT_LOC_STRINGS = YES;
				SWIFT_VERSION = 5.0;
				TARGETED_DEVICE_FAMILY = "1,2";
			};
			name = Debug;
		};
		37B235F827469C6000BDABCC /* Release */ = {
			isa = XCBuildConfiguration;
			buildSettings = {
				ASSETCATALOG_COMPILER_APPICON_NAME = AppIcon;
				ASSETCATALOG_COMPILER_GLOBAL_ACCENT_COLOR_NAME = AccentColor;
				CODE_SIGN_STYLE = Automatic;
				CURRENT_PROJECT_VERSION = 1;
				DEVELOPMENT_ASSET_PATHS = "\"CommuniMate/Preview Content\"";
				DEVELOPMENT_TEAM = B35ALGTZKD;
				ENABLE_PREVIEWS = YES;
				GENERATE_INFOPLIST_FILE = YES;
				INFOPLIST_KEY_UIApplicationSceneManifest_Generation = YES;
				INFOPLIST_KEY_UIApplicationSupportsIndirectInputEvents = YES;
				INFOPLIST_KEY_UILaunchScreen_Generation = YES;
				INFOPLIST_KEY_UISupportedInterfaceOrientations_iPad = "UIInterfaceOrientationPortrait UIInterfaceOrientationPortraitUpsideDown UIInterfaceOrientationLandscapeLeft UIInterfaceOrientationLandscapeRight";
				INFOPLIST_KEY_UISupportedInterfaceOrientations_iPhone = "UIInterfaceOrientationPortrait UIInterfaceOrientationLandscapeLeft UIInterfaceOrientationLandscapeRight";
				LD_RUNPATH_SEARCH_PATHS = (
					"$(inherited)",
					"@executable_path/Frameworks",
				);
				MARKETING_VERSION = 1.0;
				PRODUCT_BUNDLE_IDENTIFIER = com.daniele.CommuniMate;
				PRODUCT_NAME = "$(TARGET_NAME)";
				SWIFT_EMIT_LOC_STRINGS = YES;
				SWIFT_VERSION = 5.0;
				TARGETED_DEVICE_FAMILY = "1,2";
			};
			name = Release;
		};
/* End XCBuildConfiguration section */

/* Begin XCConfigurationList section */
		37B235E327469C5E00BDABCC /* Build configuration list for PBXProject "CommuniMate" */ = {
			isa = XCConfigurationList;
			buildConfigurations = (
				37B235F427469C6000BDABCC /* Debug */,
				37B235F527469C6000BDABCC /* Release */,
			);
			defaultConfigurationIsVisible = 0;
			defaultConfigurationName = Release;
		};
		37B235F627469C6000BDABCC /* Build configuration list for PBXNativeTarget "CommuniMate" */ = {
			isa = XCConfigurationList;
			buildConfigurations = (
				37B235F727469C6000BDABCC /* Debug */,
				37B235F827469C6000BDABCC /* Release */,
			);
			defaultConfigurationIsVisible = 0;
			defaultConfigurationName = Release;
		};
/* End XCConfigurationList section */
	};
	rootObject = 37B235E027469C5E00BDABCC /* Project object */;
}
